{
  "name": "portfolio",
  "lockfileVersion": 2,
  "requires": true,
  "packages": {
    "": {
      "dependencies": {
        "@iconify/json": "^2.1.81",
        "@mdi/font": "^7.0.96"
      }
    },
    "node_modules/@iconify/json": {
      "version": "2.1.81",
      "resolved": "https://registry.npmjs.org/@iconify/json/-/json-2.1.81.tgz",
      "integrity": "sha512-VF2iPSwKJ5WnQFQjzik9s0bJiAa/qhyQIJuvonG2+ZtUK8NVK7v0UmvSNvZQv8Nt//df6p3tZFZTTD2eRRVi5Q==",
      "dependencies": {
        "@iconify/types": "*",
        "pathe": "^0.3.0"
      }
    },
    "node_modules/@iconify/types": {
      "version": "1.1.0",
      "resolved": "https://registry.npmjs.org/@iconify/types/-/types-1.1.0.tgz",
      "integrity": "sha512-Jh0llaK2LRXQoYsorIH8maClebsnzTcve+7U3rQUSnC11X4jtPnFuyatqFLvMxZ8MLG8dB4zfHsbPfuvxluONw=="
    },
    "node_modules/@mdi/font": {
      "version": "7.0.96",
      "resolved": "https://registry.npmjs.org/@mdi/font/-/font-7.0.96.tgz",
      "integrity": "sha512-rzlxTfR64hqY8yiBzDjmANfcd8rv+T5C0Yedv/TWk2QyAQYdc66e0kaN1ipmnYU3RukHRTRcBARHzzm+tIhL7w=="
    },
    "node_modules/pathe": {
      "version": "0.3.2",
      "resolved": "https://registry.npmjs.org/pathe/-/pathe-0.3.2.tgz",
      "integrity": "sha512-qhnmX0TOqlCvdWWTkoM83wh5J8fZ2yhbDEc9MlsnAEtEc+JCwxUKEwmd6pkY9hRe6JR1Uecbc14VcAKX2yFSTA=="
    }
  },
  "dependencies": {
    "@iconify/json": {
      "version": "2.1.81",
      "resolved": "https://registry.npmjs.org/@iconify/json/-/json-2.1.81.tgz",
      "integrity": "sha512-VF2iPSwKJ5WnQFQjzik9s0bJiAa/qhyQIJuvonG2+ZtUK8NVK7v0UmvSNvZQv8Nt//df6p3tZFZTTD2eRRVi5Q==",
      "requires": {
        "@iconify/types": "*",
        "pathe": "^0.3.0"
      }
    },
    "@iconify/types": {
      "version": "1.1.0",
      "resolved": "https://registry.npmjs.org/@iconify/types/-/types-1.1.0.tgz",
      "integrity": "sha512-Jh0llaK2LRXQoYsorIH8maClebsnzTcve+7U3rQUSnC11X4jtPnFuyatqFLvMxZ8MLG8dB4zfHsbPfuvxluONw=="
    },
    "@mdi/font": {
      "version": "7.0.96",
      "resolved": "https://registry.npmjs.org/@mdi/font/-/font-7.0.96.tgz",
      "integrity": "sha512-rzlxTfR64hqY8yiBzDjmANfcd8rv+T5C0Yedv/TWk2QyAQYdc66e0kaN1ipmnYU3RukHRTRcBARHzzm+tIhL7w=="
    },
    "pathe": {
      "version": "0.3.2",
      "resolved": "https://registry.npmjs.org/pathe/-/pathe-0.3.2.tgz",
      "integrity": "sha512-qhnmX0TOqlCvdWWTkoM83wh5J8fZ2yhbDEc9MlsnAEtEc+JCwxUKEwmd6pkY9hRe6JR1Uecbc14VcAKX2yFSTA=="
    }
  }
}
